
Microsoft Visual Studio Solution File, Format Version 12.00
# Visual Studio Version 17
VisualStudioVersion = 17.5.33424.131
MinimumVisualStudioVersion = 10.0.40219.1
Project("{FAE04EC0-301F-11D3-BF4B-00C04F79EFBC}") = "quizApi", "quizApi\quizApi.csproj", "{92B48B6B-7AFC-46D7-8950-5722C052FE57}"
EndProject
Global
	GlobalSection(SolutionConfigurationPlatforms) = preSolution
		Debug|Any CPU = Debug|Any CPU
		Release|Any CPU = Release|Any CPU
	EndGlobalSection
	GlobalSection(ProjectConfigurationPlatforms) = postSolution
		{92B48B6B-7AFC-46D7-8950-5722C052FE57}.Debug|Any CPU.ActiveCfg = Debug|Any CPU
		{92B48B6B-7AFC-46D7-8950-5722C052FE57}.Debug|Any CPU.Build.0 = Debug|Any CPU
		{92B48B6B-7AFC-46D7-8950-5722C052FE57}.Release|Any CPU.ActiveCfg = Release|Any CPU
		{92B48B6B-7AFC-46D7-8950-5722C052FE57}.Release|Any CPU.Build.0 = Release|Any CPU
	EndGlobalSection
	GlobalSection(SolutionProperties) = preSolution
		HideSolutionNode = FALSE
	EndGlobalSection
	GlobalSection(ExtensibilityGlobals) = postSolution
		SolutionGuid = {B676124F-2427-4F1F-BEAA-434A610E905A}
	EndGlobalSection
EndGlobal
